
Microsoft Visual Studio Solution File, Format Version 12.00
# Visual Studio Version 17
VisualStudioVersion = 17.7.34202.233
MinimumVisualStudioVersion = 10.0.40219.1
Project("{9A19103F-16F7-4668-BE54-9A1E7A4F7556}") = "AzureSQLConn", "AzureSQLConn\AzureSQLConn.csproj", "{DED98FB4-F4B5-4F58-87D9-C3EC03952603}"
EndProject
Project("{9A19103F-16F7-4668-BE54-9A1E7A4F7556}") = "MessageBus", "MessageBus\MessageBus.csproj", "{A83219D1-B889-4804-9A04-BA10458A981C}"
EndProject
Global
	GlobalSection(SolutionConfigurationPlatforms) = preSolution
		Debug|Any CPU = Debug|Any CPU
		Release|Any CPU = Release|Any CPU
	EndGlobalSection
	GlobalSection(ProjectConfigurationPlatforms) = postSolution
		{DED98FB4-F4B5-4F58-87D9-C3EC03952603}.Debug|Any CPU.ActiveCfg = Debug|Any CPU
		{DED98FB4-F4B5-4F58-87D9-C3EC03952603}.Debug|Any CPU.Build.0 = Debug|Any CPU
		{DED98FB4-F4B5-4F58-87D9-C3EC03952603}.Release|Any CPU.ActiveCfg = Release|Any CPU
		{DED98FB4-F4B5-4F58-87D9-C3EC03952603}.Release|Any CPU.Build.0 = Release|Any CPU
		{A83219D1-B889-4804-9A04-BA10458A981C}.Debug|Any CPU.ActiveCfg = Debug|Any CPU
		{A83219D1-B889-4804-9A04-BA10458A981C}.Debug|Any CPU.Build.0 = Debug|Any CPU
		{A83219D1-B889-4804-9A04-BA10458A981C}.Release|Any CPU.ActiveCfg = Release|Any CPU
		{A83219D1-B889-4804-9A04-BA10458A981C}.Release|Any CPU.Build.0 = Release|Any CPU
	EndGlobalSection
	GlobalSection(SolutionProperties) = preSolution
		HideSolutionNode = FALSE
	EndGlobalSection
	GlobalSection(ExtensibilityGlobals) = postSolution
		SolutionGuid = {506549AD-B87E-4490-8424-9E938C6331E2}
	EndGlobalSection
EndGlobal
